{
  "name": "@shilpi1958/pr-explainer",
  "version": "0.2.1",
  "lockfileVersion": 3,
  "requires": true,
  "packages": {
    "": {
      "name": "@shilpi1958/pr-explainer",
      "version": "0.2.1",
      "license": "MIT",
      "bin": {
        "pr-explainer": "src/cli.js"
      },
      "engines": {
        "node": ">=18"
      }
    }
  }
}
